
Microsoft Visual Studio Solution File, Format Version 12.00
# Visual Studio Version 17
VisualStudioVersion = 17.3.32901.215
MinimumVisualStudioVersion = 10.0.40219.1
Project("{FAE04EC0-301F-11D3-BF4B-00C04F79EFBC}") = "button.ornek.34", "button.ornek.34\button.ornek.34.csproj", "{796B8A7F-D645-4A83-A777-EE0C5478F268}"
EndProject
Global
	GlobalSection(SolutionConfigurationPlatforms) = preSolution
		Debug|Any CPU = Debug|Any CPU
		Release|Any CPU = Release|Any CPU
	EndGlobalSection
	GlobalSection(ProjectConfigurationPlatforms) = postSolution
		{796B8A7F-D645-4A83-A777-EE0C5478F268}.Debug|Any CPU.ActiveCfg = Debug|Any CPU
		{796B8A7F-D645-4A83-A777-EE0C5478F268}.Debug|Any CPU.Build.0 = Debug|Any CPU
		{796B8A7F-D645-4A83-A777-EE0C5478F268}.Release|Any CPU.ActiveCfg = Release|Any CPU
		{796B8A7F-D645-4A83-A777-EE0C5478F268}.Release|Any CPU.Build.0 = Release|Any CPU
	EndGlobalSection
	GlobalSection(SolutionProperties) = preSolution
		HideSolutionNode = FALSE
	EndGlobalSection
	GlobalSection(ExtensibilityGlobals) = postSolution
		SolutionGuid = {E5D71009-CB23-4023-9208-4669E0FEEFD7}
	EndGlobalSection
EndGlobal
